// !$*UTF8*$!
{
	archiveVersion = 1;
	classes = {
	};
	objectVersion = 50;
	objects = {

/* Begin PBXBuildFile section */
		BE180AF126872AA8008B70E7 /* HomeRowView.swift in Sources */ = {isa = PBXBuildFile; fileRef = BE180AF026872AA8008B70E7 /* HomeRowView.swift */; };
		BE180AF326872F66008B70E7 /* ContentView.swift in Sources */ = {isa = PBXBuildFile; fileRef = BE180AF226872F66008B70E7 /* ContentView.swift */; };
		BE180AF526873628008B70E7 /* ContentRowView.swift in Sources */ = {isa = PBXBuildFile; fileRef = BE180AF426873628008B70E7 /* ContentRowView.swift */; };
		BE180AF7268737DC008B70E7 /* ContentDetailView.swift in Sources */ = {isa = PBXBuildFile; fileRef = BE180AF6268737DC008B70E7 /* ContentDetailView.swift */; };
		BE180AFA268739F6008B70E7 /* AVKit.framework in Frameworks */ = {isa = PBXBuildFile; fileRef = BE180AF9268739F6008B70E7 /* AVKit.framework */; };
		BE180AFC26873AF8008B70E7 /* Constants.swift in Sources */ = {isa = PBXBuildFile; fileRef = BE180AFB26873AF8008B70E7 /* Constants.swift */; };
		BE180AFE268744E9008B70E7 /* CodeTextView.swift in Sources */ = {isa = PBXBuildFile; fileRef = BE180AFD268744E9008B70E7 /* CodeTextView.swift */; };
		BEC34076268801240093DFA8 /* RectangleCard.swift in Sources */ = {isa = PBXBuildFile; fileRef = BEC34075268801240093DFA8 /* RectangleCard.swift */; };
		BEC6B6A92686E3FD007F3634 /* Learning_App.swift in Sources */ = {isa = PBXBuildFile; fileRef = BEC6B6A82686E3FD007F3634 /* Learning_App.swift */; };
		BEC6B6AB2686E3FD007F3634 /* HomeView.swift in Sources */ = {isa = PBXBuildFile; fileRef = BEC6B6AA2686E3FD007F3634 /* HomeView.swift */; };
		BEC6B6AD2686E402007F3634 /* Assets.xcassets in Resources */ = {isa = PBXBuildFile; fileRef = BEC6B6AC2686E402007F3634 /* Assets.xcassets */; };
		BEC6B6B02686E402007F3634 /* Preview Assets.xcassets in Resources */ = {isa = PBXBuildFile; fileRef = BEC6B6AF2686E402007F3634 /* Preview Assets.xcassets */; };
		BEC6B6BD2686E560007F3634 /* ContentModel.swift in Sources */ = {isa = PBXBuildFile; fileRef = BEC6B6BC2686E560007F3634 /* ContentModel.swift */; };
		BEC6B6BF2686E69D007F3634 /* data.json in Resources */ = {isa = PBXBuildFile; fileRef = BEC6B6BE2686E69D007F3634 /* data.json */; };
		BEC6B6C12686E6BE007F3634 /* style.html in Resources */ = {isa = PBXBuildFile; fileRef = BEC6B6C02686E6BE007F3634 /* style.html */; };
		BEC6B6C32686EABF007F3634 /* Models.swift in Sources */ = {isa = PBXBuildFile; fileRef = BEC6B6C22686EABF007F3634 /* Models.swift */; };
/* End PBXBuildFile section */

/* Begin PBXFileReference section */
		BE180AF026872AA8008B70E7 /* HomeRowView.swift */ = {isa = PBXFileReference; lastKnownFileType = sourcecode.swift; path = HomeRowView.swift; sourceTree = "<group>"; };
		BE180AF226872F66008B70E7 /* ContentView.swift */ = {isa = PBXFileReference; lastKnownFileType = sourcecode.swift; path = ContentView.swift; sourceTree = "<group>"; };
		BE180AF426873628008B70E7 /* ContentRowView.swift */ = {isa = PBXFileReference; lastKnownFileType = sourcecode.swift; path = ContentRowView.swift; sourceTree = "<group>"; };
		BE180AF6268737DC008B70E7 /* ContentDetailView.swift */ = {isa = PBXFileReference; lastKnownFileType = sourcecode.swift; path = ContentDetailView.swift; sourceTree = "<group>"; };
		BE180AF9268739F6008B70E7 /* AVKit.framework */ = {isa = PBXFileReference; lastKnownFileType = wrapper.framework; name = AVKit.framework; path = System/Library/Frameworks/AVKit.framework; sourceTree = SDKROOT; };
		BE180AFB26873AF8008B70E7 /* Constants.swift */ = {isa = PBXFileReference; lastKnownFileType = sourcecode.swift; path = Constants.swift; sourceTree = "<group>"; };
		BE180AFD268744E9008B70E7 /* CodeTextView.swift */ = {isa = PBXFileReference; lastKnownFileType = sourcecode.swift; path = CodeTextView.swift; sourceTree = "<group>"; };
		BEC34075268801240093DFA8 /* RectangleCard.swift */ = {isa = PBXFileReference; lastKnownFileType = sourcecode.swift; path = RectangleCard.swift; sourceTree = "<group>"; };
		BEC6B6A52686E3FD007F3634 /* Learning App.app */ = {isa = PBXFileReference; explicitFileType = wrapper.application; includeInIndex = 0; path = "Learning App.app"; sourceTree = BUILT_PRODUCTS_DIR; };
		BEC6B6A82686E3FD007F3634 /* Learning_App.swift */ = {isa = PBXFileReference; lastKnownFileType = sourcecode.swift; path = Learning_App.swift; sourceTree = "<group>"; };
		BEC6B6AA2686E3FD007F3634 /* HomeView.swift */ = {isa = PBXFileReference; lastKnownFileType = sourcecode.swift; path = HomeView.swift; sourceTree = "<group>"; };
		BEC6B6AC2686E402007F3634 /* Assets.xcassets */ = {isa = PBXFileReference; lastKnownFileType = folder.assetcatalog; path = Assets.xcassets; sourceTree = "<group>"; };
		BEC6B6AF2686E402007F3634 /* Preview Assets.xcassets */ = {isa = PBXFileReference; lastKnownFileType = folder.assetcatalog; path = "Preview Assets.xcassets"; sourceTree = "<group>"; };
		BEC6B6B12686E402007F3634 /* Info.plist */ = {isa = PBXFileReference; lastKnownFileType = text.plist.xml; path = Info.plist; sourceTree = "<group>"; };
		BEC6B6BC2686E560007F3634 /* ContentModel.swift */ = {isa = PBXFileReference; lastKnownFileType = sourcecode.swift; path = ContentModel.swift; sourceTree = "<group>"; };
		BEC6B6BE2686E69D007F3634 /* data.json */ = {isa = PBXFileReference; fileEncoding = 4; lastKnownFileType = text.json; path = data.json; sourceTree = "<group>"; };
		BEC6B6C02686E6BE007F3634 /* style.html */ = {isa = PBXFileReference; fileEncoding = 4; lastKnownFileType = text.html; path = style.html; sourceTree = "<group>"; };
		BEC6B6C22686EABF007F3634 /* Models.swift */ = {isa = PBXFileReference; lastKnownFileType = sourcecode.swift; path = Models.swift; sourceTree = "<group>"; };
/* End PBXFileReference section */

/* Begin PBXFrameworksBuildPhase section */
		BEC6B6A22686E3FD007F3634 /* Frameworks */ = {
			isa = PBXFrameworksBuildPhase;
			buildActionMask = 2147483647;
			files = (
				BE180AFA268739F6008B70E7 /* AVKit.framework in Frameworks */,
			);
			runOnlyForDeploymentPostprocessing = 0;
		};
/* End PBXFrameworksBuildPhase section */

/* Begin PBXGroup section */
		BE180AF8268739F6008B70E7 /* Frameworks */ = {
			isa = PBXGroup;
			children = (
				BE180AF9268739F6008B70E7 /* AVKit.framework */,
			);
			name = Frameworks;
			sourceTree = "<group>";
		};
		BEC6B69C2686E3FD007F3634 = {
			isa = PBXGroup;
			children = (
				BEC6B6A72686E3FD007F3634 /* Learning App */,
				BEC6B6A62686E3FD007F3634 /* Products */,
				BE180AF8268739F6008B70E7 /* Frameworks */,
			);
			sourceTree = "<group>";
		};
		BEC6B6A62686E3FD007F3634 /* Products */ = {
			isa = PBXGroup;
			children = (
				BEC6B6A52686E3FD007F3634 /* Learning App.app */,
			);
			name = Products;
			sourceTree = "<group>";
		};
		BEC6B6A72686E3FD007F3634 /* Learning App */ = {
			isa = PBXGroup;
			children = (
				BEC6B6A82686E3FD007F3634 /* Learning_App.swift */,
				BEC6B6BB2686E52D007F3634 /* Views */,
				BEC6B6BA2686E527007F3634 /* ViewModels */,
				BEC6B6B92686E523007F3634 /* Models */,
				BEC6B6B82686E516007F3634 /* Resources */,
				BEC6B6B72686E50F007F3634 /* Helpers */,
				BEC6B6AC2686E402007F3634 /* Assets.xcassets */,
				BEC6B6B12686E402007F3634 /* Info.plist */,
				BEC6B6AE2686E402007F3634 /* Preview Content */,
			);
			path = "Learning App";
			sourceTree = "<group>";
		};
		BEC6B6AE2686E402007F3634 /* Preview Content */ = {
			isa = PBXGroup;
			children = (
				BEC6B6AF2686E402007F3634 /* Preview Assets.xcassets */,
			);
			path = "Preview Content";
			sourceTree = "<group>";
		};
		BEC6B6B72686E50F007F3634 /* Helpers */ = {
			isa = PBXGroup;
			children = (
			);
			path = Helpers;
			sourceTree = "<group>";
		};
		BEC6B6B82686E516007F3634 /* Resources */ = {
			isa = PBXGroup;
			children = (
				BEC6B6BE2686E69D007F3634 /* data.json */,
				BEC6B6C02686E6BE007F3634 /* style.html */,
				BE180AFB26873AF8008B70E7 /* Constants.swift */,
			);
			path = Resources;
			sourceTree = "<group>";
		};
		BEC6B6B92686E523007F3634 /* Models */ = {
			isa = PBXGroup;
			children = (
				BEC6B6C22686EABF007F3634 /* Models.swift */,
			);
			path = Models;
			sourceTree = "<group>";
		};
		BEC6B6BA2686E527007F3634 /* ViewModels */ = {
			isa = PBXGroup;
			children = (
				BEC6B6BC2686E560007F3634 /* ContentModel.swift */,
			);
			path = ViewModels;
			sourceTree = "<group>";
		};
		BEC6B6BB2686E52D007F3634 /* Views */ = {
			isa = PBXGroup;
			children = (
				BEC6B6AA2686E3FD007F3634 /* HomeView.swift */,
				BE180AF026872AA8008B70E7 /* HomeRowView.swift */,
				BE180AF226872F66008B70E7 /* ContentView.swift */,
				BE180AF426873628008B70E7 /* ContentRowView.swift */,
				BE180AF6268737DC008B70E7 /* ContentDetailView.swift */,
				BE180AFD268744E9008B70E7 /* CodeTextView.swift */,
				BEC34075268801240093DFA8 /* RectangleCard.swift */,
			);
			path = Views;
			sourceTree = "<group>";
		};
/* End PBXGroup section */

/* Begin PBXNativeTarget section */
		BEC6B6A42686E3FD007F3634 /* Learning App */ = {
			isa = PBXNativeTarget;
			buildConfigurationList = BEC6B6B42686E402007F3634 /* Build configuration list for PBXNativeTarget "Learning App" */;
			buildPhases = (
				BEC6B6A12686E3FD007F3634 /* Sources */,
				BEC6B6A22686E3FD007F3634 /* Frameworks */,
				BEC6B6A32686E3FD007F3634 /* Resources */,
			);
			buildRules = (
			);
			dependencies = (
			);
			name = "Learning App";
			productName = "Learning App";
			productReference = BEC6B6A52686E3FD007F3634 /* Learning App.app */;
			productType = "com.apple.product-type.application";
		};
/* End PBXNativeTarget section */

/* Begin PBXProject section */
		BEC6B69D2686E3FD007F3634 /* Project object */ = {
			isa = PBXProject;
			attributes = {
				LastSwiftUpdateCheck = 1250;
				LastUpgradeCheck = 1250;
				TargetAttributes = {
					BEC6B6A42686E3FD007F3634 = {
						CreatedOnToolsVersion = 12.5.1;
					};
				};
			};
			buildConfigurationList = BEC6B6A02686E3FD007F3634 /* Build configuration list for PBXProject "Learning App" */;
			compatibilityVersion = "Xcode 9.3";
			developmentRegion = en;
			hasScannedForEncodings = 0;
			knownRegions = (
				en,
				Base,
			);
			mainGroup = BEC6B69C2686E3FD007F3634;
			productRefGroup = BEC6B6A62686E3FD007F3634 /* Products */;
			projectDirPath = "";
			projectRoot = "";
			targets = (
				BEC6B6A42686E3FD007F3634 /* Learning App */,
			);
		};
/* End PBXProject section */

/* Begin PBXResourcesBuildPhase section */
		BEC6B6A32686E3FD007F3634 /* Resources */ = {
			isa = PBXResourcesBuildPhase;
			buildActionMask = 2147483647;
			files = (
				BEC6B6B02686E402007F3634 /* Preview Assets.xcassets in Resources */,
				BEC6B6BF2686E69D007F3634 /* data.json in Resources */,
				BEC6B6C12686E6BE007F3634 /* style.html in Resources */,
				BEC6B6AD2686E402007F3634 /* Assets.xcassets in Resources */,
			);
			runOnlyForDeploymentPostprocessing = 0;
		};
/* End PBXResourcesBuildPhase section */

/* Begin PBXSourcesBuildPhase section */
		BEC6B6A12686E3FD007F3634 /* Sources */ = {
			isa = PBXSourcesBuildPhase;
			buildActionMask = 2147483647;
			files = (
				BE180AF526873628008B70E7 /* ContentRowView.swift in Sources */,
				BEC6B6AB2686E3FD007F3634 /* HomeView.swift in Sources */,
				BEC6B6A92686E3FD007F3634 /* Learning_App.swift in Sources */,
				BE180AF7268737DC008B70E7 /* ContentDetailView.swift in Sources */,
				BE180AF326872F66008B70E7 /* ContentView.swift in Sources */,
				BEC6B6BD2686E560007F3634 /* ContentModel.swift in Sources */,
				BE180AFE268744E9008B70E7 /* CodeTextView.swift in Sources */,
				BEC6B6C32686EABF007F3634 /* Models.swift in Sources */,
				BE180AF126872AA8008B70E7 /* HomeRowView.swift in Sources */,
				BEC34076268801240093DFA8 /* RectangleCard.swift in Sources */,
				BE180AFC26873AF8008B70E7 /* Constants.swift in Sources */,
			);
			runOnlyForDeploymentPostprocessing = 0;
		};
/* End PBXSourcesBuildPhase section */

/* Begin XCBuildConfiguration section */
		BEC6B6B22686E402007F3634 /* Debug */ = {
			isa = XCBuildConfiguration;
			buildSettings = {
				ALWAYS_SEARCH_USER_PATHS = NO;
				CLANG_ANALYZER_NONNULL = YES;
				CLANG_ANALYZER_NUMBER_OBJECT_CONVERSION = YES_AGGRESSIVE;
				CLANG_CXX_LANGUAGE_STANDARD = "gnu++14";
				CLANG_CXX_LIBRARY = "libc++";
				CLANG_ENABLE_MODULES = YES;
				CLANG_ENABLE_OBJC_ARC = YES;
				CLANG_ENABLE_OBJC_WEAK = YES;
				CLANG_WARN_BLOCK_CAPTURE_AUTORELEASING = YES;
				CLANG_WARN_BOOL_CONVERSION = YES;
				CLANG_WARN_COMMA = YES;
				CLANG_WARN_CONSTANT_CONVERSION = YES;
				CLANG_WARN_DEPRECATED_OBJC_IMPLEMENTATIONS = YES;
				CLANG_WARN_DIRECT_OBJC_ISA_USAGE = YES_ERROR;
				CLANG_WARN_DOCUMENTATION_COMMENTS = YES;
				CLANG_WARN_EMPTY_BODY = YES;
				CLANG_WARN_ENUM_CONVERSION = YES;
				CLANG_WARN_INFINITE_RECURSION = YES;
				CLANG_WARN_INT_CONVERSION = YES;
				CLANG_WARN_NON_LITERAL_NULL_CONVERSION = YES;
				CLANG_WARN_OBJC_IMPLICIT_RETAIN_SELF = YES;
				CLANG_WARN_OBJC_LITERAL_CONVERSION = YES;
				CLANG_WARN_OBJC_ROOT_CLASS = YES_ERROR;
				CLANG_WARN_QUOTED_INCLUDE_IN_FRAMEWORK_HEADER = YES;
				CLANG_WARN_RANGE_LOOP_ANALYSIS = YES;
				CLANG_WARN_STRICT_PROTOTYPES = YES;
				CLANG_WARN_SUSPICIOUS_MOVE = YES;
				CLANG_WARN_UNGUARDED_AVAILABILITY = YES_AGGRESSIVE;
				CLANG_WARN_UNREACHABLE_CODE = YES;
				CLANG_WARN__DUPLICATE_METHOD_MATCH = YES;
				COPY_PHASE_STRIP = NO;
				DEBUG_INFORMATION_FORMAT = dwarf;
				ENABLE_STRICT_OBJC_MSGSEND = YES;
				ENABLE_TESTABILITY = YES;
				GCC_C_LANGUAGE_STANDARD = gnu11;
				GCC_DYNAMIC_NO_PIC = NO;
				GCC_NO_COMMON_BLOCKS = YES;
				GCC_OPTIMIZATION_LEVEL = 0;
				GCC_PREPROCESSOR_DEFINITIONS = (
					"DEBUG=1",
					"$(inherited)",
				);
				GCC_WARN_64_TO_32_BIT_CONVERSION = YES;
				GCC_WARN_ABOUT_RETURN_TYPE = YES_ERROR;
				GCC_WARN_UNDECLARED_SELECTOR = YES;
				GCC_WARN_UNINITIALIZED_AUTOS = YES_AGGRESSIVE;
				GCC_WARN_UNUSED_FUNCTION = YES;
				GCC_WARN_UNUSED_VARIABLE = YES;
				IPHONEOS_DEPLOYMENT_TARGET = 14.5;
				MTL_ENABLE_DEBUG_INFO = INCLUDE_SOURCE;
				MTL_FAST_MATH = YES;
				ONLY_ACTIVE_ARCH = YES;
				SDKROOT = iphoneos;
				SWIFT_ACTIVE_COMPILATION_CONDITIONS = DEBUG;
				SWIFT_OPTIMIZATION_LEVEL = "-Onone";
			};
			name = Debug;
		};
		BEC6B6B32686E402007F3634 /* Release */ = {
			isa = XCBuildConfiguration;
			buildSettings = {
				ALWAYS_SEARCH_USER_PATHS = NO;
				CLANG_ANALYZER_NONNULL = YES;
				CLANG_ANALYZER_NUMBER_OBJECT_CONVERSION = YES_AGGRESSIVE;
				CLANG_CXX_LANGUAGE_STANDARD = "gnu++14";
				CLANG_CXX_LIBRARY = "libc++";
				CLANG_ENABLE_MODULES = YES;
				CLANG_ENABLE_OBJC_ARC = YES;
				CLANG_ENABLE_OBJC_WEAK = YES;
				CLANG_WARN_BLOCK_CAPTURE_AUTORELEASING = YES;
				CLANG_WARN_BOOL_CONVERSION = YES;
				CLANG_WARN_COMMA = YES;
				CLANG_WARN_CONSTANT_CONVERSION = YES;
				CLANG_WARN_DEPRECATED_OBJC_IMPLEMENTATIONS = YES;
				CLANG_WARN_DIRECT_OBJC_ISA_USAGE = YES_ERROR;
				CLANG_WARN_DOCUMENTATION_COMMENTS = YES;
				CLANG_WARN_EMPTY_BODY = YES;
				CLANG_WARN_ENUM_CONVERSION = YES;
				CLANG_WARN_INFINITE_RECURSION = YES;
				CLANG_WARN_INT_CONVERSION = YES;
				CLANG_WARN_NON_LITERAL_NULL_CONVERSION = YES;
				CLANG_WARN_OBJC_IMPLICIT_RETAIN_SELF = YES;
				CLANG_WARN_OBJC_LITERAL_CONVERSION = YES;
				CLANG_WARN_OBJC_ROOT_CLASS = YES_ERROR;
				CLANG_WARN_QUOTED_INCLUDE_IN_FRAMEWORK_HEADER = YES;
				CLANG_WARN_RANGE_LOOP_ANALYSIS = YES;
				CLANG_WARN_STRICT_PROTOTYPES = YES;
				CLANG_WARN_SUSPICIOUS_MOVE = YES;
				CLANG_WARN_UNGUARDED_AVAILABILITY = YES_AGGRESSIVE;
				CLANG_WARN_UNREACHABLE_CODE = YES;
				CLANG_WARN__DUPLICATE_METHOD_MATCH = YES;
				COPY_PHASE_STRIP = NO;
				DEBUG_INFORMATION_FORMAT = "dwarf-with-dsym";
				ENABLE_NS_ASSERTIONS = NO;
				ENABLE_STRICT_OBJC_MSGSEND = YES;
				GCC_C_LANGUAGE_STANDARD = gnu11;
				GCC_NO_COMMON_BLOCKS = YES;
				GCC_WARN_64_TO_32_BIT_CONVERSION = YES;
				GCC_WARN_ABOUT_RETURN_TYPE = YES_ERROR;
				GCC_WARN_UNDECLARED_SELECTOR = YES;
				GCC_WARN_UNINITIALIZED_AUTOS = YES_AGGRESSIVE;
				GCC_WARN_UNUSED_FUNCTION = YES;
				GCC_WARN_UNUSED_VARIABLE = YES;
				IPHONEOS_DEPLOYMENT_TARGET = 14.5;
				MTL_ENABLE_DEBUG_INFO = NO;
				MTL_FAST_MATH = YES;
				SDKROOT = iphoneos;
				SWIFT_COMPILATION_MODE = wholemodule;
				SWIFT_OPTIMIZATION_LEVEL = "-O";
				VALIDATE_PRODUCT = YES;
			};
			name = Release;
		};
		BEC6B6B52686E402007F3634 /* Debug */ = {
			isa = XCBuildConfiguration;
			buildSettings = {
				ASSETCATALOG_COMPILER_APPICON_NAME = AppIcon;
				ASSETCATALOG_COMPILER_GLOBAL_ACCENT_COLOR_NAME = AccentColor;
				CODE_SIGN_STYLE = Automatic;
				DEVELOPMENT_ASSET_PATHS = "\"Learning App/Preview Content\"";
				ENABLE_PREVIEWS = YES;
				INFOPLIST_FILE = "Learning App/Info.plist";
				IPHONEOS_DEPLOYMENT_TARGET = 14.0;
				LD_RUNPATH_SEARCH_PATHS = (
					"$(inherited)",
					"@executable_path/Frameworks",
				);
				PRODUCT_BUNDLE_IDENTIFIER = "com.lucasvantilburg.Learning-App";
				PRODUCT_NAME = "$(TARGET_NAME)";
				SWIFT_VERSION = 5.0;
				TARGETED_DEVICE_FAMILY = "1,2";
			};
			name = Debug;
		};
		BEC6B6B62686E402007F3634 /* Release */ = {
			isa = XCBuildConfiguration;
			buildSettings = {
				ASSETCATALOG_COMPILER_APPICON_NAME = AppIcon;
				ASSETCATALOG_COMPILER_GLOBAL_ACCENT_COLOR_NAME = AccentColor;
				CODE_SIGN_STYLE = Automatic;
				DEVELOPMENT_ASSET_PATHS = "\"Learning App/Preview Content\"";
				ENABLE_PREVIEWS = YES;
				INFOPLIST_FILE = "Learning App/Info.plist";
				IPHONEOS_DEPLOYMENT_TARGET = 14.0;
				LD_RUNPATH_SEARCH_PATHS = (
					"$(inherited)",
					"@executable_path/Frameworks",
				);
				PRODUCT_BUNDLE_IDENTIFIER = "com.lucasvantilburg.Learning-App";
				PRODUCT_NAME = "$(TARGET_NAME)";
				SWIFT_VERSION = 5.0;
				TARGETED_DEVICE_FAMILY = "1,2";
			};
			name = Release;
		};
/* End XCBuildConfiguration section */

/* Begin XCConfigurationList section */
		BEC6B6A02686E3FD007F3634 /* Build configuration list for PBXProject "Learning App" */ = {
			isa = XCConfigurationList;
			buildConfigurations = (
				BEC6B6B22686E402007F3634 /* Debug */,
				BEC6B6B32686E402007F3634 /* Release */,
			);
			defaultConfigurationIsVisible = 0;
			defaultConfigurationName = Release;
		};
		BEC6B6B42686E402007F3634 /* Build configuration list for PBXNativeTarget "Learning App" */ = {
			isa = XCConfigurationList;
			buildConfigurations = (
				BEC6B6B52686E402007F3634 /* Debug */,
				BEC6B6B62686E402007F3634 /* Release */,
			);
			defaultConfigurationIsVisible = 0;
			defaultConfigurationName = Release;
		};
/* End XCConfigurationList section */
	};
	rootObject = BEC6B69D2686E3FD007F3634 /* Project object */;
}
